
Microsoft Visual Studio Solution File, Format Version 12.00
# Visual Studio 15
VisualStudioVersion = 15.0.28010.2046
MinimumVisualStudioVersion = 10.0.40219.1
Project("{8BC9CEB8-8B4A-11D0-8D11-00A0C91BC942}") = "cpp-primer", "cpp-primer\cpp-primer.vcxproj", "{002C25DC-FF1D-4947-8260-E36D3E1B44DF}"
EndProject
Project("{8BC9CEB8-8B4A-11D0-8D11-00A0C91BC942}") = "chapter1", "chapter1\chapter1.vcxproj", "{42DA3DE7-5593-46DA-B267-2BF8712A9F40}"
EndProject
Project("{8BC9CEB8-8B4A-11D0-8D11-00A0C91BC942}") = "ch2", "ch2\ch2.vcxproj", "{5DDF2989-4A6F-46D9-A74B-3860B97071C0}"
EndProject
Project("{8BC9CEB8-8B4A-11D0-8D11-00A0C91BC942}") = "ch3", "ch3\ch3.vcxproj", "{E4B7098D-DAA6-4FAC-83E6-A00F51F02EEC}"
EndProject
Project("{8BC9CEB8-8B4A-11D0-8D11-00A0C91BC942}") = "ch4", "ch4\ch4.vcxproj", "{4B45780F-4BF3-4D6E-AC76-1512639E3F27}"
EndProject
Project("{8BC9CEB8-8B4A-11D0-8D11-00A0C91BC942}") = "ch5", "ch5\ch5.vcxproj", "{EFE16F54-2CDC-47E0-BB99-B90A10CFED8B}"
EndProject
Project("{8BC9CEB8-8B4A-11D0-8D11-00A0C91BC942}") = "ch6", "ch6\ch6.vcxproj", "{7E70E8BB-0A4A-4B39-8704-F0E7901A23A6}"
EndProject
Global
	GlobalSection(SolutionConfigurationPlatforms) = preSolution
		Debug|x64 = Debug|x64
		Debug|x86 = Debug|x86
		Release|x64 = Release|x64
		Release|x86 = Release|x86
	EndGlobalSection
	GlobalSection(ProjectConfigurationPlatforms) = postSolution
		{002C25DC-FF1D-4947-8260-E36D3E1B44DF}.Debug|x64.ActiveCfg = Debug|x64
		{002C25DC-FF1D-4947-8260-E36D3E1B44DF}.Debug|x64.Build.0 = Debug|x64
		{002C25DC-FF1D-4947-8260-E36D3E1B44DF}.Debug|x86.ActiveCfg = Debug|Win32
		{002C25DC-FF1D-4947-8260-E36D3E1B44DF}.Debug|x86.Build.0 = Debug|Win32
		{002C25DC-FF1D-4947-8260-E36D3E1B44DF}.Release|x64.ActiveCfg = Release|x64
		{002C25DC-FF1D-4947-8260-E36D3E1B44DF}.Release|x64.Build.0 = Release|x64
		{002C25DC-FF1D-4947-8260-E36D3E1B44DF}.Release|x86.ActiveCfg = Release|Win32
		{002C25DC-FF1D-4947-8260-E36D3E1B44DF}.Release|x86.Build.0 = Release|Win32
		{42DA3DE7-5593-46DA-B267-2BF8712A9F40}.Debug|x64.ActiveCfg = Debug|x64
		{42DA3DE7-5593-46DA-B267-2BF8712A9F40}.Debug|x64.Build.0 = Debug|x64
		{42DA3DE7-5593-46DA-B267-2BF8712A9F40}.Debug|x86.ActiveCfg = Debug|Win32
		{42DA3DE7-5593-46DA-B267-2BF8712A9F40}.Debug|x86.Build.0 = Debug|Win32
		{42DA3DE7-5593-46DA-B267-2BF8712A9F40}.Release|x64.ActiveCfg = Release|x64
		{42DA3DE7-5593-46DA-B267-2BF8712A9F40}.Release|x64.Build.0 = Release|x64
		{42DA3DE7-5593-46DA-B267-2BF8712A9F40}.Release|x86.ActiveCfg = Release|Win32
		{42DA3DE7-5593-46DA-B267-2BF8712A9F40}.Release|x86.Build.0 = Release|Win32
		{5DDF2989-4A6F-46D9-A74B-3860B97071C0}.Debug|x64.ActiveCfg = Debug|x64
		{5DDF2989-4A6F-46D9-A74B-3860B97071C0}.Debug|x64.Build.0 = Debug|x64
		{5DDF2989-4A6F-46D9-A74B-3860B97071C0}.Debug|x86.ActiveCfg = Debug|Win32
		{5DDF2989-4A6F-46D9-A74B-3860B97071C0}.Debug|x86.Build.0 = Debug|Win32
		{5DDF2989-4A6F-46D9-A74B-3860B97071C0}.Release|x64.ActiveCfg = Release|x64
		{5DDF2989-4A6F-46D9-A74B-3860B97071C0}.Release|x64.Build.0 = Release|x64
		{5DDF2989-4A6F-46D9-A74B-3860B97071C0}.Release|x86.ActiveCfg = Release|Win32
		{5DDF2989-4A6F-46D9-A74B-3860B97071C0}.Release|x86.Build.0 = Release|Win32
		{E4B7098D-DAA6-4FAC-83E6-A00F51F02EEC}.Debug|x64.ActiveCfg = Debug|x64
		{E4B7098D-DAA6-4FAC-83E6-A00F51F02EEC}.Debug|x64.Build.0 = Debug|x64
		{E4B7098D-DAA6-4FAC-83E6-A00F51F02EEC}.Debug|x86.ActiveCfg = Debug|Win32
		{E4B7098D-DAA6-4FAC-83E6-A00F51F02EEC}.Debug|x86.Build.0 = Debug|Win32
		{E4B7098D-DAA6-4FAC-83E6-A00F51F02EEC}.Release|x64.ActiveCfg = Release|x64
		{E4B7098D-DAA6-4FAC-83E6-A00F51F02EEC}.Release|x64.Build.0 = Release|x64
		{E4B7098D-DAA6-4FAC-83E6-A00F51F02EEC}.Release|x86.ActiveCfg = Release|Win32
		{E4B7098D-DAA6-4FAC-83E6-A00F51F02EEC}.Release|x86.Build.0 = Release|Win32
		{4B45780F-4BF3-4D6E-AC76-1512639E3F27}.Debug|x64.ActiveCfg = Debug|x64
		{4B45780F-4BF3-4D6E-AC76-1512639E3F27}.Debug|x64.Build.0 = Debug|x64
		{4B45780F-4BF3-4D6E-AC76-1512639E3F27}.Debug|x86.ActiveCfg = Debug|Win32
		{4B45780F-4BF3-4D6E-AC76-1512639E3F27}.Debug|x86.Build.0 = Debug|Win32
		{4B45780F-4BF3-4D6E-AC76-1512639E3F27}.Release|x64.ActiveCfg = Release|x64
		{4B45780F-4BF3-4D6E-AC76-1512639E3F27}.Release|x64.Build.0 = Release|x64
		{4B45780F-4BF3-4D6E-AC76-1512639E3F27}.Release|x86.ActiveCfg = Release|Win32
		{4B45780F-4BF3-4D6E-AC76-1512639E3F27}.Release|x86.Build.0 = Release|Win32
		{EFE16F54-2CDC-47E0-BB99-B90A10CFED8B}.Debug|x64.ActiveCfg = Debug|x64
		{EFE16F54-2CDC-47E0-BB99-B90A10CFED8B}.Debug|x64.Build.0 = Debug|x64
		{EFE16F54-2CDC-47E0-BB99-B90A10CFED8B}.Debug|x86.ActiveCfg = Debug|Win32
		{EFE16F54-2CDC-47E0-BB99-B90A10CFED8B}.Debug|x86.Build.0 = Debug|Win32
		{EFE16F54-2CDC-47E0-BB99-B90A10CFED8B}.Release|x64.ActiveCfg = Release|x64
		{EFE16F54-2CDC-47E0-BB99-B90A10CFED8B}.Release|x64.Build.0 = Release|x64
		{EFE16F54-2CDC-47E0-BB99-B90A10CFED8B}.Release|x86.ActiveCfg = Release|Win32
		{EFE16F54-2CDC-47E0-BB99-B90A10CFED8B}.Release|x86.Build.0 = Release|Win32
		{7E70E8BB-0A4A-4B39-8704-F0E7901A23A6}.Debug|x64.ActiveCfg = Debug|x64
		{7E70E8BB-0A4A-4B39-8704-F0E7901A23A6}.Debug|x64.Build.0 = Debug|x64
		{7E70E8BB-0A4A-4B39-8704-F0E7901A23A6}.Debug|x86.ActiveCfg = Debug|Win32
		{7E70E8BB-0A4A-4B39-8704-F0E7901A23A6}.Debug|x86.Build.0 = Debug|Win32
		{7E70E8BB-0A4A-4B39-8704-F0E7901A23A6}.Release|x64.ActiveCfg = Release|x64
		{7E70E8BB-0A4A-4B39-8704-F0E7901A23A6}.Release|x64.Build.0 = Release|x64
		{7E70E8BB-0A4A-4B39-8704-F0E7901A23A6}.Release|x86.ActiveCfg = Release|Win32
		{7E70E8BB-0A4A-4B39-8704-F0E7901A23A6}.Release|x86.Build.0 = Release|Win32
	EndGlobalSection
	GlobalSection(SolutionProperties) = preSolution
		HideSolutionNode = FALSE
	EndGlobalSection
	GlobalSection(ExtensibilityGlobals) = postSolution
		SolutionGuid = {FCA3672E-31AC-4D30-8482-AAD5BB3E4382}
	EndGlobalSection
EndGlobal
