<?xml version="1.0" encoding="utf-8"?>
<Project ToolsVersion="4.0" xmlns="http://schemas.microsoft.com/developer/msbuild/2003">
  <ItemGroup>
    <Filter Include="Source Files">
      <UniqueIdentifier>{4FC737F1-C7A5-4376-A066-2A32D752A2FF}</UniqueIdentifier>
      <Extensions>cpp;c;cc;cxx;def;odl;idl;hpj;bat;asm;asmx</Extensions>
    </Filter>
    <Filter Include="Header Files">
      <UniqueIdentifier>{93995380-89BD-4b04-88EB-625FBE52EBFB}</UniqueIdentifier>
      <Extensions>h;hh;hpp;hxx;hm;inl;inc;ipp;xsd</Extensions>
    </Filter>
    <Filter Include="Resource Files">
      <UniqueIdentifier>{67DA6AB6-F800-4c08-8B7A-83BB121AAD01}</UniqueIdentifier>
      <Extensions>rc;ico;cur;bmp;dlg;rc2;rct;bin;rgs;gif;jpg;jpeg;jpe;resx;tiff;tif;png;wav;mfcribbon-ms</Extensions>
    </Filter>
  </ItemGroup>
  <ItemGroup>
    <ClInclude Include="ch9.h">
      <Filter>Header Files</Filter>
    </ClInclude>
    <ClInclude Include="MyDate.h">
      <Filter>Header Files</Filter>
    </ClInclude>
  </ItemGroup>
  <ItemGroup>
    <ClCompile Include="main.cpp">
      <Filter>Source Files</Filter>
    </ClCompile>
    <ClCompile Include="exercise5.cpp">
      <Filter>Source Files</Filter>
    </ClCompile>
    <ClCompile Include="exercise4.cpp">
      <Filter>Source Files</Filter>
    </ClCompile>
    <ClCompile Include="exercise10.cpp">
      <Filter>Source Files</Filter>
    </ClCompile>
    <ClCompile Include="exercise11.cpp">
      <Filter>Source Files</Filter>
    </ClCompile>
    <ClCompile Include="exercise13.cpp">
      <Filter>Source Files</Filter>
    </ClCompile>
    <ClCompile Include="exercise14.cpp">
      <Filter>Source Files</Filter>
    </ClCompile>
    <ClCompile Include="exercise15.cpp">
      <Filter>Source Files</Filter>
    </ClCompile>
    <ClCompile Include="exercise16.cpp">
      <Filter>Source Files</Filter>
    </ClCompile>
    <ClCompile Include="exercise18.cpp">
      <Filter>Source Files</Filter>
    </ClCompile>
    <ClCompile Include="exercise19.cpp">
      <Filter>Source Files</Filter>
    </ClCompile>
    <ClCompile Include="exercise20.cpp">
      <Filter>Source Files</Filter>
    </ClCompile>
    <ClCompile Include="exercise24.cpp">
      <Filter>Source Files</Filter>
    </ClCompile>
    <ClCompile Include="exercise26.cpp">
      <Filter>Source Files</Filter>
    </ClCompile>
    <ClCompile Include="exercise27.cpp">
      <Filter>Source Files</Filter>
    </ClCompile>
    <ClCompile Include="exercise28.cpp">
      <Filter>Source Files</Filter>
    </ClCompile>
    <ClCompile Include="exercise31.cpp">
      <Filter>Source Files</Filter>
    </ClCompile>
    <ClCompile Include="exercise33.cpp">
      <Filter>Source Files</Filter>
    </ClCompile>
    <ClCompile Include="exercise34.cpp">
      <Filter>Source Files</Filter>
    </ClCompile>
    <ClCompile Include="exercise38.cpp">
      <Filter>Source Files</Filter>
    </ClCompile>
    <ClCompile Include="exercise41.cpp">
      <Filter>Source Files</Filter>
    </ClCompile>
    <ClCompile Include="exercise43.cpp">
      <Filter>Source Files</Filter>
    </ClCompile>
    <ClCompile Include="exercise44.cpp">
      <Filter>Source Files</Filter>
    </ClCompile>
    <ClCompile Include="exercise45.cpp">
      <Filter>Source Files</Filter>
    </ClCompile>
    <ClCompile Include="exercise46.cpp">
      <Filter>Source Files</Filter>
    </ClCompile>
    <ClCompile Include="exercise47.cpp">
      <Filter>Source Files</Filter>
    </ClCompile>
    <ClCompile Include="exercise49.cpp">
      <Filter>Source Files</Filter>
    </ClCompile>
    <ClCompile Include="exercise50.cpp">
      <Filter>Source Files</Filter>
    </ClCompile>
    <ClCompile Include="exericse51.cpp">
      <Filter>Source Files</Filter>
    </ClCompile>
  </ItemGroup>
  <ItemGroup>
    <Text Include="words.txt">
      <Filter>Resource Files</Filter>
    </Text>
  </ItemGroup>
</Project>